
Microsoft Visual Studio Solution File, Format Version 12.00
# Visual Studio Version 17
VisualStudioVersion = 17.3.32825.248
MinimumVisualStudioVersion = 10.0.40219.1
Project("{9A19103F-16F7-4668-BE54-9A1E7A4F7556}") = "PizzaPlace.Server", "PizzaPlace\Server\PizzaPlace.Server.csproj", "{B41DDF3B-DBF2-4333-BABC-BB776DAE1DAA}"
EndProject
Project("{9A19103F-16F7-4668-BE54-9A1E7A4F7556}") = "PizzaPlace.Client", "PizzaPlace\Client\PizzaPlace.Client.csproj", "{5D83D138-5482-4A89-9B0D-82623B346193}"
EndProject
Project("{9A19103F-16F7-4668-BE54-9A1E7A4F7556}") = "PizzaPlace.Shared", "PizzaPlace\Shared\PizzaPlace.Shared.csproj", "{F9BE0831-C294-4CC5-92BC-D18E87AF8AD7}"
EndProject
Global
	GlobalSection(SolutionConfigurationPlatforms) = preSolution
		Debug|Any CPU = Debug|Any CPU
		Release|Any CPU = Release|Any CPU
	EndGlobalSection
	GlobalSection(ProjectConfigurationPlatforms) = postSolution
		{B41DDF3B-DBF2-4333-BABC-BB776DAE1DAA}.Debug|Any CPU.ActiveCfg = Debug|Any CPU
		{B41DDF3B-DBF2-4333-BABC-BB776DAE1DAA}.Debug|Any CPU.Build.0 = Debug|Any CPU
		{B41DDF3B-DBF2-4333-BABC-BB776DAE1DAA}.Release|Any CPU.ActiveCfg = Release|Any CPU
		{B41DDF3B-DBF2-4333-BABC-BB776DAE1DAA}.Release|Any CPU.Build.0 = Release|Any CPU
		{5D83D138-5482-4A89-9B0D-82623B346193}.Debug|Any CPU.ActiveCfg = Debug|Any CPU
		{5D83D138-5482-4A89-9B0D-82623B346193}.Debug|Any CPU.Build.0 = Debug|Any CPU
		{5D83D138-5482-4A89-9B0D-82623B346193}.Release|Any CPU.ActiveCfg = Release|Any CPU
		{5D83D138-5482-4A89-9B0D-82623B346193}.Release|Any CPU.Build.0 = Release|Any CPU
		{F9BE0831-C294-4CC5-92BC-D18E87AF8AD7}.Debug|Any CPU.ActiveCfg = Debug|Any CPU
		{F9BE0831-C294-4CC5-92BC-D18E87AF8AD7}.Debug|Any CPU.Build.0 = Debug|Any CPU
		{F9BE0831-C294-4CC5-92BC-D18E87AF8AD7}.Release|Any CPU.ActiveCfg = Release|Any CPU
		{F9BE0831-C294-4CC5-92BC-D18E87AF8AD7}.Release|Any CPU.Build.0 = Release|Any CPU
	EndGlobalSection
	GlobalSection(SolutionProperties) = preSolution
		HideSolutionNode = FALSE
	EndGlobalSection
	GlobalSection(ExtensibilityGlobals) = postSolution
		SolutionGuid = {3B240E19-56D0-4781-AE30-0A132C38FA3A}
	EndGlobalSection
EndGlobal
